
Microsoft Visual Studio Solution File, Format Version 12.00
# Visual Studio Version 17
VisualStudioVersion = 17.0.31903.59
MinimumVisualStudioVersion = 10.0.40219.1
Project("{FAE04EC0-301F-11D3-BF4B-00C04F79EFBC}") = "CODE", "CODE\CODE.csproj", "{812D4FEA-89E4-44F8-A332-9F01ACA51511}"
EndProject
Project("{FAE04EC0-301F-11D3-BF4B-00C04F79EFBC}") = "GeneTest", "Test\GeneTest.csproj", "{0359EB39-B348-4579-9277-C4C12C57151B}"
EndProject
Global
	GlobalSection(SolutionConfigurationPlatforms) = preSolution
		Debug|Any CPU = Debug|Any CPU
		Release|Any CPU = Release|Any CPU
	EndGlobalSection
	GlobalSection(SolutionProperties) = preSolution
		HideSolutionNode = FALSE
	EndGlobalSection
	GlobalSection(ProjectConfigurationPlatforms) = postSolution
		{812D4FEA-89E4-44F8-A332-9F01ACA51511}.Debug|Any CPU.ActiveCfg = Debug|Any CPU
		{812D4FEA-89E4-44F8-A332-9F01ACA51511}.Debug|Any CPU.Build.0 = Debug|Any CPU
		{812D4FEA-89E4-44F8-A332-9F01ACA51511}.Release|Any CPU.ActiveCfg = Release|Any CPU
		{812D4FEA-89E4-44F8-A332-9F01ACA51511}.Release|Any CPU.Build.0 = Release|Any CPU
		{0359EB39-B348-4579-9277-C4C12C57151B}.Debug|Any CPU.ActiveCfg = Debug|Any CPU
		{0359EB39-B348-4579-9277-C4C12C57151B}.Debug|Any CPU.Build.0 = Debug|Any CPU
		{0359EB39-B348-4579-9277-C4C12C57151B}.Release|Any CPU.ActiveCfg = Release|Any CPU
		{0359EB39-B348-4579-9277-C4C12C57151B}.Release|Any CPU.Build.0 = Release|Any CPU
	EndGlobalSection
EndGlobal
