
Microsoft Visual Studio Solution File, Format Version 12.00
# Visual Studio Version 17
VisualStudioVersion = 17.0.31903.59
MinimumVisualStudioVersion = 10.0.40219.1
Project("{FAE04EC0-301F-11D3-BF4B-00C04F79EFBC}") = "CODE", "CODE.csproj", "{8D4D448E-23BF-4275-A1D3-DC67D4A7E090}"
EndProject
Project("{FAE04EC0-301F-11D3-BF4B-00C04F79EFBC}") = "Tests", "Tests\Tests.csproj", "{84052CF5-7D49-48FB-949A-0122D0194AD3}"
EndProject
Global
	GlobalSection(SolutionConfigurationPlatforms) = preSolution
		Debug|Any CPU = Debug|Any CPU
		Release|Any CPU = Release|Any CPU
	EndGlobalSection
	GlobalSection(SolutionProperties) = preSolution
		HideSolutionNode = FALSE
	EndGlobalSection
	GlobalSection(ProjectConfigurationPlatforms) = postSolution
		{8D4D448E-23BF-4275-A1D3-DC67D4A7E090}.Debug|Any CPU.ActiveCfg = Debug|Any CPU
		{8D4D448E-23BF-4275-A1D3-DC67D4A7E090}.Debug|Any CPU.Build.0 = Debug|Any CPU
		{8D4D448E-23BF-4275-A1D3-DC67D4A7E090}.Release|Any CPU.ActiveCfg = Release|Any CPU
		{8D4D448E-23BF-4275-A1D3-DC67D4A7E090}.Release|Any CPU.Build.0 = Release|Any CPU
		{84052CF5-7D49-48FB-949A-0122D0194AD3}.Debug|Any CPU.ActiveCfg = Debug|Any CPU
		{84052CF5-7D49-48FB-949A-0122D0194AD3}.Debug|Any CPU.Build.0 = Debug|Any CPU
		{84052CF5-7D49-48FB-949A-0122D0194AD3}.Release|Any CPU.ActiveCfg = Release|Any CPU
		{84052CF5-7D49-48FB-949A-0122D0194AD3}.Release|Any CPU.Build.0 = Release|Any CPU
	EndGlobalSection
EndGlobal
