
Microsoft Visual Studio Solution File, Format Version 12.00
# Visual Studio Version 17
VisualStudioVersion = 17.3.32901.215
MinimumVisualStudioVersion = 10.0.40219.1
Project("{FAE04EC0-301F-11D3-BF4B-00C04F79EFBC}") = "PrimerioAppConsole", "PrimerioAppConsole\PrimerioAppConsole.csproj", "{DF274F8C-C7C9-42C3-B600-0FD5D3E8FCCC}"
EndProject
Global
	GlobalSection(SolutionConfigurationPlatforms) = preSolution
		Debug|Any CPU = Debug|Any CPU
		Release|Any CPU = Release|Any CPU
	EndGlobalSection
	GlobalSection(ProjectConfigurationPlatforms) = postSolution
		{DF274F8C-C7C9-42C3-B600-0FD5D3E8FCCC}.Debug|Any CPU.ActiveCfg = Debug|Any CPU
		{DF274F8C-C7C9-42C3-B600-0FD5D3E8FCCC}.Debug|Any CPU.Build.0 = Debug|Any CPU
		{DF274F8C-C7C9-42C3-B600-0FD5D3E8FCCC}.Release|Any CPU.ActiveCfg = Release|Any CPU
		{DF274F8C-C7C9-42C3-B600-0FD5D3E8FCCC}.Release|Any CPU.Build.0 = Release|Any CPU
	EndGlobalSection
	GlobalSection(SolutionProperties) = preSolution
		HideSolutionNode = FALSE
	EndGlobalSection
	GlobalSection(ExtensibilityGlobals) = postSolution
		SolutionGuid = {ACD00EB9-85FB-4B44-9688-490E6DDF93BE}
	EndGlobalSection
EndGlobal
