
Microsoft Visual Studio Solution File, Format Version 12.00
# Visual Studio Version 17
VisualStudioVersion = 17.0.31903.59
MinimumVisualStudioVersion = 10.0.40219.1
Project("{FAE04EC0-301F-11D3-BF4B-00C04F79EFBC}") = "Fundamentos", "Fundamentos\Fundamentos.csproj", "{9500E965-97C8-4B17-A117-108BC9AC1307}"
EndProject
Project("{FAE04EC0-301F-11D3-BF4B-00C04F79EFBC}") = "Fundamentos.Common", "Fundamentos.Common\Fundamentos.Common.csproj", "{8C510A2C-6036-4317-A991-2FB13B040BB1}"
EndProject
Global
	GlobalSection(SolutionConfigurationPlatforms) = preSolution
		Debug|Any CPU = Debug|Any CPU
		Release|Any CPU = Release|Any CPU
	EndGlobalSection
	GlobalSection(SolutionProperties) = preSolution
		HideSolutionNode = FALSE
	EndGlobalSection
	GlobalSection(ProjectConfigurationPlatforms) = postSolution
		{9500E965-97C8-4B17-A117-108BC9AC1307}.Debug|Any CPU.ActiveCfg = Debug|Any CPU
		{9500E965-97C8-4B17-A117-108BC9AC1307}.Debug|Any CPU.Build.0 = Debug|Any CPU
		{9500E965-97C8-4B17-A117-108BC9AC1307}.Release|Any CPU.ActiveCfg = Release|Any CPU
		{9500E965-97C8-4B17-A117-108BC9AC1307}.Release|Any CPU.Build.0 = Release|Any CPU
		{8C510A2C-6036-4317-A991-2FB13B040BB1}.Debug|Any CPU.ActiveCfg = Debug|Any CPU
		{8C510A2C-6036-4317-A991-2FB13B040BB1}.Debug|Any CPU.Build.0 = Debug|Any CPU
		{8C510A2C-6036-4317-A991-2FB13B040BB1}.Release|Any CPU.ActiveCfg = Release|Any CPU
		{8C510A2C-6036-4317-A991-2FB13B040BB1}.Release|Any CPU.Build.0 = Release|Any CPU
	EndGlobalSection
EndGlobal
